---
lockfileVersion: '9.0'

importers:

  .:
    configDependencies: {}
    packageManagerDependencies:
      '@pnpm/exe':
        specifier: 11.8.0
        version: 11.8.0
      pnpm:
        specifier: 11.8.0
        version: 11.8.0

packages:

  '@pnpm/exe@11.8.0':
    resolution: {integrity: sha512-Z4yxxE+Q2bi36Ol/hNN/420TLk6MG1LxB80sIFvwFq2cr8zRkO446c8Ho+jFaBOxdFiGE7RPT5a3tvu9JQarsg==}
    hasBin: true

  '@pnpm/linux-arm64@11.8.0':
    resolution: {integrity: sha512-GynFy14/J4CBFnAl0yIAZofHFjVT9O630/6SQizF+g/tmtgA/LD8LNydlaqp0IqJHLpAYgP6NCz1GpNjAXDSFw==}
    cpu: [arm64]
    os: [linux]

  '@pnpm/linux-x64@11.8.0':
    resolution: {integrity: sha512-t8xZUgi1+3zUDKD7vVv+njzEE22KKVsEx8mDOnHhcrvdk0VQjlXw1gsBRr5qgHm1mSLBHM59p8HYskbIvKs2Bg==}
    cpu: [x64]
    os: [linux]

  '@pnpm/linuxstatic-arm64@11.8.0':
    resolution: {integrity: sha512-sImQtnqan8mkTE4PPil9Kz3pPtQ+pBvhYEMUFBgOzhHAWloxVRDKK0pJvUXJmx+NqQNng5SiEvhjoAUdm5p34g==}
    cpu: [arm64]
    os: [linux]
    libc: [musl]

  '@pnpm/linuxstatic-x64@11.8.0':
    resolution: {integrity: sha512-/amFWeX2wOmsuCpEHs+65RBgniuncIE0eCqWdOI7nBk3rcu8SniVeZ8Lq5rABjqNBYUU65zKwHJ5NyWwc+BrKg==}
    cpu: [x64]
    os: [linux]
    libc: [musl]

  '@pnpm/macos-arm64@11.8.0':
    resolution: {integrity: sha512-r7OWbYzpvO3CPCozezysoAfpYvUNX0w/2DpqA+lX4HcuBQi7GAR4xx6Gdhbg52uPA7Qux+7kHUj3gL/Mn8DEAA==}
    cpu: [arm64]
    os: [darwin]

  '@pnpm/win-arm64@11.8.0':
    resolution: {integrity: sha512-BGXgcCdDX1QHv7D3QbQnP4aY/jr9DkSV/fqiiCTaYsgDF4/bOqcjlCr+Md6Az7HL/PJ8bxyjPIqHhdBzZh2TSg==}
    cpu: [arm64]
    os: [win32]

  '@pnpm/win-x64@11.8.0':
    resolution: {integrity: sha512-J6inRM26+P1hL3DLWLBLI/imW2VlxjSFJsnSlaVvPC6PiGJbC96JhGZ+7l9Oag8loWjb9Z1DbcOf3ibDA9XRJA==}
    cpu: [x64]
    os: [win32]

  '@reflink/reflink-darwin-arm64@0.1.19':
    resolution: {integrity: sha512-ruy44Lpepdk1FqDz38vExBY/PVUsjxZA+chd9wozjUH9JjuDT/HEaQYA6wYN9mf041l0yLVar6BCZuWABJvHSA==}
    engines: {node: '>= 10'}
    cpu: [arm64]
    os: [darwin]

  '@reflink/reflink-darwin-x64@0.1.19':
    resolution: {integrity: sha512-By85MSWrMZa+c26TcnAy8SDk0sTUkYlNnwknSchkhHpGXOtjNDUOxJE9oByBnGbeuIE1PiQsxDG3Ud+IVV9yuA==}
    engines: {node: '>= 10'}
    cpu: [x64]
    os: [darwin]

  '@reflink/reflink-linux-arm64-gnu@0.1.19':
    resolution: {integrity: sha512-7P+er8+rP9iNeN+bfmccM4hTAaLP6PQJPKWSA4iSk2bNvo6KU6RyPgYeHxXmzNKzPVRcypZQTpFgstHam6maVg==}
    engines: {node: '>= 10'}
    cpu: [arm64]
    os: [linux]
    libc: [glibc]

  '@reflink/reflink-linux-arm64-musl@0.1.19':
    resolution: {integrity: sha512-37iO/Dp6m5DDaC2sf3zPtx/hl9FV3Xze4xoYidrxxS9bgP3S8ALroxRK6xBG/1TtfXKTvolvp+IjrUU6ujIGmA==}
    engines: {node: '>= 10'}
    cpu: [arm64]
    os: [linux]
    libc: [musl]

  '@reflink/reflink-linux-x64-gnu@0.1.19':
    resolution: {integrity: sha512-jbI8jvuYCaA3MVUdu8vLoLAFqC+iNMpiSuLbxlAgg7x3K5bsS8nOpTRnkLF7vISJ+rVR8W+7ThXlXlUQ93ulkw==}
    engines: {node: '>= 10'}
    cpu: [x64]
    os: [linux]
    libc: [glibc]

  '@reflink/reflink-linux-x64-musl@0.1.19':
    resolution: {integrity: sha512-e9FBWDe+lv7QKAwtKOt6A2W/fyy/aEEfr0g6j/hWzvQcrzHCsz07BNQYlNOjTfeytrtLU7k449H1PI95jA4OjQ==}
    engines: {node: '>= 10'}
    cpu: [x64]
    os: [linux]
    libc: [musl]

  '@reflink/reflink-win32-arm64-msvc@0.1.19':
    resolution: {integrity: sha512-09PxnVIQcd+UOn4WAW73WU6PXL7DwGS6wPlkMhMg2zlHHG65F3vHepOw06HFCq+N42qkaNAc8AKIabWvtk6cIQ==}
    engines: {node: '>= 10'}
    cpu: [arm64]
    os: [win32]

  '@reflink/reflink-win32-x64-msvc@0.1.19':
    resolution: {integrity: sha512-E//yT4ni2SyhwP8JRjVGWr3cbnhWDiPLgnQ66qqaanjjnMiu3O/2tjCPQXlcGc/DEYofpDc9fvhv6tALQsMV9w==}
    engines: {node: '>= 10'}
    cpu: [x64]
    os: [win32]

  '@reflink/reflink@0.1.19':
    resolution: {integrity: sha512-DmCG8GzysnCZ15bres3N5AHCmwBwYgp0As6xjhQ47rAUTUXxJiK+lLUxaGsX3hd/30qUpVElh05PbGuxRPgJwA==}
    engines: {node: '>= 10'}

  detect-libc@2.1.2:
    resolution: {integrity: sha512-Btj2BOOO83o3WyH59e8MgXsxEQVcarkUOpEYrubB0urwnN10yQ364rsiByU11nZlqWYZm05i/of7io4mzihBtQ==}
    engines: {node: '>=8'}

  pnpm@11.8.0:
    resolution: {integrity: sha512-wfXnxMskHI8XS3Q4UdgvQrgCMkr8iw8Ra5atsVqgZmSUjd42lgo7oQebpbSyndAUATW5S1tfUmNZIknWjlVfJg==}
    engines: {node: '>=22.13'}
    hasBin: true

snapshots:

  '@pnpm/exe@11.8.0':
    dependencies:
      '@reflink/reflink': 0.1.19
      detect-libc: 2.1.2
    optionalDependencies:
      '@pnpm/linux-arm64': 11.8.0
      '@pnpm/linux-x64': 11.8.0
      '@pnpm/linuxstatic-arm64': 11.8.0
      '@pnpm/linuxstatic-x64': 11.8.0
      '@pnpm/macos-arm64': 11.8.0
      '@pnpm/win-arm64': 11.8.0
      '@pnpm/win-x64': 11.8.0

  '@pnpm/linux-arm64@11.8.0':
    optional: true

  '@pnpm/linux-x64@11.8.0':
    optional: true

  '@pnpm/linuxstatic-arm64@11.8.0':
    optional: true

  '@pnpm/linuxstatic-x64@11.8.0':
    optional: true

  '@pnpm/macos-arm64@11.8.0':
    optional: true

  '@pnpm/win-arm64@11.8.0':
    optional: true

  '@pnpm/win-x64@11.8.0':
    optional: true

  '@reflink/reflink-darwin-arm64@0.1.19':
    optional: true

  '@reflink/reflink-darwin-x64@0.1.19':
    optional: true

  '@reflink/reflink-linux-arm64-gnu@0.1.19':
    optional: true

  '@reflink/reflink-linux-arm64-musl@0.1.19':
    optional: true

  '@reflink/reflink-linux-x64-gnu@0.1.19':
    optional: true

  '@reflink/reflink-linux-x64-musl@0.1.19':
    optional: true

  '@reflink/reflink-win32-arm64-msvc@0.1.19':
    optional: true

  '@reflink/reflink-win32-x64-msvc@0.1.19':
    optional: true

  '@reflink/reflink@0.1.19':
    optionalDependencies:
      '@reflink/reflink-darwin-arm64': 0.1.19
      '@reflink/reflink-darwin-x64': 0.1.19
      '@reflink/reflink-linux-arm64-gnu': 0.1.19
      '@reflink/reflink-linux-arm64-musl': 0.1.19
      '@reflink/reflink-linux-x64-gnu': 0.1.19
      '@reflink/reflink-linux-x64-musl': 0.1.19
      '@reflink/reflink-win32-arm64-msvc': 0.1.19
      '@reflink/reflink-win32-x64-msvc': 0.1.19

  detect-libc@2.1.2: {}

  pnpm@11.8.0: {}

---
lockfileVersion: '9.0'

settings:
  autoInstallPeers: true
  excludeLinksFromLockfile: false

importers:

  .:
    dependencies:
      '@resvg/resvg-js':
        specifier: ^2.6.2
        version: 2.6.2

packages:

  '@resvg/resvg-js-android-arm-eabi@2.6.2':
    resolution: {integrity: sha512-FrJibrAk6v29eabIPgcTUMPXiEz8ssrAk7TXxsiZzww9UTQ1Z5KAbFJs+Z0Ez+VZTYgnE5IQJqBcoSiMebtPHA==}
    engines: {node: '>= 10'}
    cpu: [arm]
    os: [android]

  '@resvg/resvg-js-android-arm64@2.6.2':
    resolution: {integrity: sha512-VcOKezEhm2VqzXpcIJoITuvUS/fcjIw5NA/w3tjzWyzmvoCdd+QXIqy3FBGulWdClvp4g+IfUemigrkLThSjAQ==}
    engines: {node: '>= 10'}
    cpu: [arm64]
    os: [android]

  '@resvg/resvg-js-darwin-arm64@2.6.2':
    resolution: {integrity: sha512-nmok2LnAd6nLUKI16aEB9ydMC6Lidiiq2m1nEBDR1LaaP7FGs4AJ90qDraxX+CWlVuRlvNjyYJTNv8qFjtL9+A==}
    engines: {node: '>= 10'}
    cpu: [arm64]
    os: [darwin]

  '@resvg/resvg-js-darwin-x64@2.6.2':
    resolution: {integrity: sha512-GInyZLjgWDfsVT6+SHxQVRwNzV0AuA1uqGsOAW+0th56J7Nh6bHHKXHBWzUrihxMetcFDmQMAX1tZ1fZDYSRsw==}
    engines: {node: '>= 10'}
    cpu: [x64]
    os: [darwin]

  '@resvg/resvg-js-linux-arm-gnueabihf@2.6.2':
    resolution: {integrity: sha512-YIV3u/R9zJbpqTTNwTZM5/ocWetDKGsro0SWp70eGEM9eV2MerWyBRZnQIgzU3YBnSBQ1RcxRZvY/UxwESfZIw==}
    engines: {node: '>= 10'}
    cpu: [arm]
    os: [linux]

  '@resvg/resvg-js-linux-arm64-gnu@2.6.2':
    resolution: {integrity: sha512-zc2BlJSim7YR4FZDQ8OUoJg5holYzdiYMeobb9pJuGDidGL9KZUv7SbiD4E8oZogtYY42UZEap7dqkkYuA91pg==}
    engines: {node: '>= 10'}
    cpu: [arm64]
    os: [linux]
    libc: [glibc]

  '@resvg/resvg-js-linux-arm64-musl@2.6.2':
    resolution: {integrity: sha512-3h3dLPWNgSsD4lQBJPb4f+kvdOSJHa5PjTYVsWHxLUzH4IFTJUAnmuWpw4KqyQ3NA5QCyhw4TWgxk3jRkQxEKg==}
    engines: {node: '>= 10'}
    cpu: [arm64]
    os: [linux]
    libc: [musl]

  '@resvg/resvg-js-linux-x64-gnu@2.6.2':
    resolution: {integrity: sha512-IVUe+ckIerA7xMZ50duAZzwf1U7khQe2E0QpUxu5MBJNao5RqC0zwV/Zm965vw6D3gGFUl7j4m+oJjubBVoftw==}
    engines: {node: '>= 10'}
    cpu: [x64]
    os: [linux]
    libc: [glibc]

  '@resvg/resvg-js-linux-x64-musl@2.6.2':
    resolution: {integrity: sha512-UOf83vqTzoYQO9SZ0fPl2ZIFtNIz/Rr/y+7X8XRX1ZnBYsQ/tTb+cj9TE+KHOdmlTFBxhYzVkP2lRByCzqi4jQ==}
    engines: {node: '>= 10'}
    cpu: [x64]
    os: [linux]
    libc: [musl]

  '@resvg/resvg-js-win32-arm64-msvc@2.6.2':
    resolution: {integrity: sha512-7C/RSgCa+7vqZ7qAbItfiaAWhyRSoD4l4BQAbVDqRRsRgY+S+hgS3in0Rxr7IorKUpGE69X48q6/nOAuTJQxeQ==}
    engines: {node: '>= 10'}
    cpu: [arm64]
    os: [win32]

  '@resvg/resvg-js-win32-ia32-msvc@2.6.2':
    resolution: {integrity: sha512-har4aPAlvjnLcil40AC77YDIk6loMawuJwFINEM7n0pZviwMkMvjb2W5ZirsNOZY4aDbo5tLx0wNMREp5Brk+w==}
    engines: {node: '>= 10'}
    cpu: [ia32]
    os: [win32]

  '@resvg/resvg-js-win32-x64-msvc@2.6.2':
    resolution: {integrity: sha512-ZXtYhtUr5SSaBrUDq7DiyjOFJqBVL/dOBN7N/qmi/pO0IgiWW/f/ue3nbvu9joWE5aAKDoIzy/CxsY0suwGosQ==}
    engines: {node: '>= 10'}
    cpu: [x64]
    os: [win32]

  '@resvg/resvg-js@2.6.2':
    resolution: {integrity: sha512-xBaJish5OeGmniDj9cW5PRa/PtmuVU3ziqrbr5xJj901ZDN4TosrVaNZpEiLZAxdfnhAe7uQ7QFWfjPe9d9K2Q==}
    engines: {node: '>= 10'}

snapshots:

  '@resvg/resvg-js-android-arm-eabi@2.6.2':
    optional: true

  '@resvg/resvg-js-android-arm64@2.6.2':
    optional: true

  '@resvg/resvg-js-darwin-arm64@2.6.2':
    optional: true

  '@resvg/resvg-js-darwin-x64@2.6.2':
    optional: true

  '@resvg/resvg-js-linux-arm-gnueabihf@2.6.2':
    optional: true

  '@resvg/resvg-js-linux-arm64-gnu@2.6.2':
    optional: true

  '@resvg/resvg-js-linux-arm64-musl@2.6.2':
    optional: true

  '@resvg/resvg-js-linux-x64-gnu@2.6.2':
    optional: true

  '@resvg/resvg-js-linux-x64-musl@2.6.2':
    optional: true

  '@resvg/resvg-js-win32-arm64-msvc@2.6.2':
    optional: true

  '@resvg/resvg-js-win32-ia32-msvc@2.6.2':
    optional: true

  '@resvg/resvg-js-win32-x64-msvc@2.6.2':
    optional: true

  '@resvg/resvg-js@2.6.2':
    optionalDependencies:
      '@resvg/resvg-js-android-arm-eabi': 2.6.2
      '@resvg/resvg-js-android-arm64': 2.6.2
      '@resvg/resvg-js-darwin-arm64': 2.6.2
      '@resvg/resvg-js-darwin-x64': 2.6.2
      '@resvg/resvg-js-linux-arm-gnueabihf': 2.6.2
      '@resvg/resvg-js-linux-arm64-gnu': 2.6.2
      '@resvg/resvg-js-linux-arm64-musl': 2.6.2
      '@resvg/resvg-js-linux-x64-gnu': 2.6.2
      '@resvg/resvg-js-linux-x64-musl': 2.6.2
      '@resvg/resvg-js-win32-arm64-msvc': 2.6.2
      '@resvg/resvg-js-win32-ia32-msvc': 2.6.2
      '@resvg/resvg-js-win32-x64-msvc': 2.6.2
